
Microsoft Visual Studio Solution File, Format Version 12.00
# Visual Studio Version 17
VisualStudioVersion = 17.1.31911.260
MinimumVisualStudioVersion = 10.0.40219.1
Project("{FAE04EC0-301F-11D3-BF4B-00C04F79EFBC}") = "GameShopWeb", "GameShopWeb\GameShopWeb.csproj", "{773A96BE-BCBF-48C7-88E9-7DBEE9CFC542}"
EndProject
Global
	GlobalSection(SolutionConfigurationPlatforms) = preSolution
		Debug|Any CPU = Debug|Any CPU
		Release|Any CPU = Release|Any CPU
	EndGlobalSection
	GlobalSection(ProjectConfigurationPlatforms) = postSolution
		{773A96BE-BCBF-48C7-88E9-7DBEE9CFC542}.Debug|Any CPU.ActiveCfg = Debug|Any CPU
		{773A96BE-BCBF-48C7-88E9-7DBEE9CFC542}.Debug|Any CPU.Build.0 = Debug|Any CPU
		{773A96BE-BCBF-48C7-88E9-7DBEE9CFC542}.Release|Any CPU.ActiveCfg = Release|Any CPU
		{773A96BE-BCBF-48C7-88E9-7DBEE9CFC542}.Release|Any CPU.Build.0 = Release|Any CPU
	EndGlobalSection
	GlobalSection(SolutionProperties) = preSolution
		HideSolutionNode = FALSE
	EndGlobalSection
	GlobalSection(ExtensibilityGlobals) = postSolution
		SolutionGuid = {5E823880-BE50-4DE4-A064-82646FB3AD5D}
	EndGlobalSection
EndGlobal
